
Microsoft Visual Studio Solution File, Format Version 12.00
# Visual Studio Version 17
VisualStudioVersion = 17.4.33205.214
MinimumVisualStudioVersion = 10.0.40219.1
Project("{8BC9CEB8-8B4A-11D0-8D11-00A0C91BC942}") = "20230524_2", "20230524_2.vcxproj", "{F21E0D41-FDE0-441C-A96B-D4F638EF7AB7}"
EndProject
Global
	GlobalSection(SolutionConfigurationPlatforms) = preSolution
		Debug|x64 = Debug|x64
		Debug|x86 = Debug|x86
		Release|x64 = Release|x64
		Release|x86 = Release|x86
	EndGlobalSection
	GlobalSection(ProjectConfigurationPlatforms) = postSolution
		{F21E0D41-FDE0-441C-A96B-D4F638EF7AB7}.Debug|x64.ActiveCfg = Debug|x64
		{F21E0D41-FDE0-441C-A96B-D4F638EF7AB7}.Debug|x64.Build.0 = Debug|x64
		{F21E0D41-FDE0-441C-A96B-D4F638EF7AB7}.Debug|x86.ActiveCfg = Debug|Win32
		{F21E0D41-FDE0-441C-A96B-D4F638EF7AB7}.Debug|x86.Build.0 = Debug|Win32
		{F21E0D41-FDE0-441C-A96B-D4F638EF7AB7}.Release|x64.ActiveCfg = Release|x64
		{F21E0D41-FDE0-441C-A96B-D4F638EF7AB7}.Release|x64.Build.0 = Release|x64
		{F21E0D41-FDE0-441C-A96B-D4F638EF7AB7}.Release|x86.ActiveCfg = Release|Win32
		{F21E0D41-FDE0-441C-A96B-D4F638EF7AB7}.Release|x86.Build.0 = Release|Win32
	EndGlobalSection
	GlobalSection(SolutionProperties) = preSolution
		HideSolutionNode = FALSE
	EndGlobalSection
	GlobalSection(ExtensibilityGlobals) = postSolution
		SolutionGuid = {182D5A68-AA30-42AE-96C4-EE37EA58F0FA}
	EndGlobalSection
EndGlobal
