
Microsoft Visual Studio Solution File, Format Version 12.00
# Visual Studio Version 17
VisualStudioVersion = 17.4.33403.182
MinimumVisualStudioVersion = 10.0.40219.1
Project("{8BC9CEB8-8B4A-11D0-8D11-00A0C91BC942}") = "20231030_1", "20231030_1\20231030_1.vcxproj", "{F1A1A9A2-7B7C-410D-AC28-3F8608DD347F}"
EndProject
Global
	GlobalSection(SolutionConfigurationPlatforms) = preSolution
		Debug|x64 = Debug|x64
		Debug|x86 = Debug|x86
		Release|x64 = Release|x64
		Release|x86 = Release|x86
	EndGlobalSection
	GlobalSection(ProjectConfigurationPlatforms) = postSolution
		{F1A1A9A2-7B7C-410D-AC28-3F8608DD347F}.Debug|x64.ActiveCfg = Debug|x64
		{F1A1A9A2-7B7C-410D-AC28-3F8608DD347F}.Debug|x64.Build.0 = Debug|x64
		{F1A1A9A2-7B7C-410D-AC28-3F8608DD347F}.Debug|x86.ActiveCfg = Debug|Win32
		{F1A1A9A2-7B7C-410D-AC28-3F8608DD347F}.Debug|x86.Build.0 = Debug|Win32
		{F1A1A9A2-7B7C-410D-AC28-3F8608DD347F}.Release|x64.ActiveCfg = Release|x64
		{F1A1A9A2-7B7C-410D-AC28-3F8608DD347F}.Release|x64.Build.0 = Release|x64
		{F1A1A9A2-7B7C-410D-AC28-3F8608DD347F}.Release|x86.ActiveCfg = Release|Win32
		{F1A1A9A2-7B7C-410D-AC28-3F8608DD347F}.Release|x86.Build.0 = Release|Win32
	EndGlobalSection
	GlobalSection(SolutionProperties) = preSolution
		HideSolutionNode = FALSE
	EndGlobalSection
	GlobalSection(ExtensibilityGlobals) = postSolution
		SolutionGuid = {96DBE731-73FA-40E3-B617-5432C10E389C}
	EndGlobalSection
EndGlobal
