
Microsoft Visual Studio Solution File, Format Version 12.00
# Visual Studio Version 17
VisualStudioVersion = 17.5.33516.290
MinimumVisualStudioVersion = 10.0.40219.1
Project("{8BC9CEB8-8B4A-11D0-8D11-00A0C91BC942}") = "20230516_2", "20230516_2\20230516_2.vcxproj", "{5810AE9C-DDF5-4095-AA00-A7FDD906A590}"
EndProject
Global
	GlobalSection(SolutionConfigurationPlatforms) = preSolution
		Debug|x64 = Debug|x64
		Debug|x86 = Debug|x86
		Release|x64 = Release|x64
		Release|x86 = Release|x86
	EndGlobalSection
	GlobalSection(ProjectConfigurationPlatforms) = postSolution
		{5810AE9C-DDF5-4095-AA00-A7FDD906A590}.Debug|x64.ActiveCfg = Debug|x64
		{5810AE9C-DDF5-4095-AA00-A7FDD906A590}.Debug|x64.Build.0 = Debug|x64
		{5810AE9C-DDF5-4095-AA00-A7FDD906A590}.Debug|x86.ActiveCfg = Debug|Win32
		{5810AE9C-DDF5-4095-AA00-A7FDD906A590}.Debug|x86.Build.0 = Debug|Win32
		{5810AE9C-DDF5-4095-AA00-A7FDD906A590}.Release|x64.ActiveCfg = Release|x64
		{5810AE9C-DDF5-4095-AA00-A7FDD906A590}.Release|x64.Build.0 = Release|x64
		{5810AE9C-DDF5-4095-AA00-A7FDD906A590}.Release|x86.ActiveCfg = Release|Win32
		{5810AE9C-DDF5-4095-AA00-A7FDD906A590}.Release|x86.Build.0 = Release|Win32
	EndGlobalSection
	GlobalSection(SolutionProperties) = preSolution
		HideSolutionNode = FALSE
	EndGlobalSection
	GlobalSection(ExtensibilityGlobals) = postSolution
		SolutionGuid = {0B5582AA-D77C-462E-AD0D-D7A7AE86AA33}
	EndGlobalSection
EndGlobal
