
Microsoft Visual Studio Solution File, Format Version 12.00
# Visual Studio Version 17
VisualStudioVersion = 17.4.33403.182
MinimumVisualStudioVersion = 10.0.40219.1
Project("{8BC9CEB8-8B4A-11D0-8D11-00A0C91BC942}") = "20230904_2", "20230904_2\20230904_2.vcxproj", "{AFBDC167-C18E-4EEA-863A-847F821F230D}"
EndProject
Global
	GlobalSection(SolutionConfigurationPlatforms) = preSolution
		Debug|x64 = Debug|x64
		Debug|x86 = Debug|x86
		Release|x64 = Release|x64
		Release|x86 = Release|x86
	EndGlobalSection
	GlobalSection(ProjectConfigurationPlatforms) = postSolution
		{AFBDC167-C18E-4EEA-863A-847F821F230D}.Debug|x64.ActiveCfg = Debug|x64
		{AFBDC167-C18E-4EEA-863A-847F821F230D}.Debug|x64.Build.0 = Debug|x64
		{AFBDC167-C18E-4EEA-863A-847F821F230D}.Debug|x86.ActiveCfg = Debug|Win32
		{AFBDC167-C18E-4EEA-863A-847F821F230D}.Debug|x86.Build.0 = Debug|Win32
		{AFBDC167-C18E-4EEA-863A-847F821F230D}.Release|x64.ActiveCfg = Release|x64
		{AFBDC167-C18E-4EEA-863A-847F821F230D}.Release|x64.Build.0 = Release|x64
		{AFBDC167-C18E-4EEA-863A-847F821F230D}.Release|x86.ActiveCfg = Release|Win32
		{AFBDC167-C18E-4EEA-863A-847F821F230D}.Release|x86.Build.0 = Release|Win32
	EndGlobalSection
	GlobalSection(SolutionProperties) = preSolution
		HideSolutionNode = FALSE
	EndGlobalSection
	GlobalSection(ExtensibilityGlobals) = postSolution
		SolutionGuid = {1F18F8BE-5107-4430-87F2-EDFC54326854}
	EndGlobalSection
EndGlobal
